
Microsoft Visual Studio Solution File, Format Version 12.00
# Visual Studio Version 16
VisualStudioVersion = 16.0.30114.105
MinimumVisualStudioVersion = 10.0.40219.1
Project("{2150E333-8FDC-42A3-9474-1A3956D46DE8}") = "CsharpParser", "CsharpParser", "{62349824-31EB-40B9-94AC-93FC5BDDCCE4}"
EndProject
Project("{FAE04EC0-301F-11D3-BF4B-00C04F79EFBC}") = "kasuNhentaiCS", "CsharpParser\kasuNhentaiCS\kasuNhentaiCS.csproj", "{05931077-54A9-42A1-A7BC-D0361B0E2890}"
EndProject
Project("{FAE04EC0-301F-11D3-BF4B-00C04F79EFBC}") = "kasuNhentaiCS.Json", "CsharpParser\kasuNhentaiCS.json\kasuNhentaiCS.Json.csproj", "{5068675C-648E-4A1C-910C-6CCB8D7419CE}"
EndProject
Global
	GlobalSection(SolutionConfigurationPlatforms) = preSolution
		Debug|Any CPU = Debug|Any CPU
		Release|Any CPU = Release|Any CPU
	EndGlobalSection
	GlobalSection(SolutionProperties) = preSolution
		HideSolutionNode = FALSE
	EndGlobalSection
	GlobalSection(ProjectConfigurationPlatforms) = postSolution
		{05931077-54A9-42A1-A7BC-D0361B0E2890}.Debug|Any CPU.ActiveCfg = Debug|Any CPU
		{05931077-54A9-42A1-A7BC-D0361B0E2890}.Debug|Any CPU.Build.0 = Debug|Any CPU
		{05931077-54A9-42A1-A7BC-D0361B0E2890}.Release|Any CPU.ActiveCfg = Release|Any CPU
		{05931077-54A9-42A1-A7BC-D0361B0E2890}.Release|Any CPU.Build.0 = Release|Any CPU
		{5068675C-648E-4A1C-910C-6CCB8D7419CE}.Debug|Any CPU.ActiveCfg = Debug|Any CPU
		{5068675C-648E-4A1C-910C-6CCB8D7419CE}.Debug|Any CPU.Build.0 = Debug|Any CPU
		{5068675C-648E-4A1C-910C-6CCB8D7419CE}.Release|Any CPU.ActiveCfg = Release|Any CPU
		{5068675C-648E-4A1C-910C-6CCB8D7419CE}.Release|Any CPU.Build.0 = Release|Any CPU
	EndGlobalSection
	GlobalSection(NestedProjects) = preSolution
		{05931077-54A9-42A1-A7BC-D0361B0E2890} = {62349824-31EB-40B9-94AC-93FC5BDDCCE4}
		{5068675C-648E-4A1C-910C-6CCB8D7419CE} = {62349824-31EB-40B9-94AC-93FC5BDDCCE4}
	EndGlobalSection
EndGlobal
